// !$*UTF8*$!
{
	archiveVersion = 1;
	classes = {
	};
	objectVersion = 56;
	objects = {

/* Begin PBXBuildFile section */
		7518D42C2987EFCC001BCE8E /* AppDelegate.swift in Sources */ = {isa = PBXBuildFile; fileRef = 7518D42B2987EFCC001BCE8E /* AppDelegate.swift */; };
		7518D42E2987EFCC001BCE8E /* SceneDelegate.swift in Sources */ = {isa = PBXBuildFile; fileRef = 7518D42D2987EFCC001BCE8E /* SceneDelegate.swift */; };
		7518D4302987EFCC001BCE8E /* ViewController.swift in Sources */ = {isa = PBXBuildFile; fileRef = 7518D42F2987EFCC001BCE8E /* ViewController.swift */; };
		7518D4332987EFCC001BCE8E /* Main.storyboard in Resources */ = {isa = PBXBuildFile; fileRef = 7518D4312987EFCC001BCE8E /* Main.storyboard */; };
		7518D4352987EFCD001BCE8E /* Assets.xcassets in Resources */ = {isa = PBXBuildFile; fileRef = 7518D4342987EFCD001BCE8E /* Assets.xcassets */; };
		7518D4382987EFCD001BCE8E /* LaunchScreen.storyboard in Resources */ = {isa = PBXBuildFile; fileRef = 7518D4362987EFCD001BCE8E /* LaunchScreen.storyboard */; };
		7518D44129880E6D001BCE8E /* Quiz.swift in Sources */ = {isa = PBXBuildFile; fileRef = 7518D44029880E6D001BCE8E /* Quiz.swift */; };
		7518D44329880E7D001BCE8E /* Question.swift in Sources */ = {isa = PBXBuildFile; fileRef = 7518D44229880E7D001BCE8E /* Question.swift */; };
/* End PBXBuildFile section */

/* Begin PBXFileReference section */
		7518D4282987EFCC001BCE8E /* MyQuizzler.app */ = {isa = PBXFileReference; explicitFileType = wrapper.application; includeInIndex = 0; path = MyQuizzler.app; sourceTree = BUILT_PRODUCTS_DIR; };
		7518D42B2987EFCC001BCE8E /* AppDelegate.swift */ = {isa = PBXFileReference; lastKnownFileType = sourcecode.swift; path = AppDelegate.swift; sourceTree = "<group>"; };
		7518D42D2987EFCC001BCE8E /* SceneDelegate.swift */ = {isa = PBXFileReference; lastKnownFileType = sourcecode.swift; path = SceneDelegate.swift; sourceTree = "<group>"; };
		7518D42F2987EFCC001BCE8E /* ViewController.swift */ = {isa = PBXFileReference; lastKnownFileType = sourcecode.swift; path = ViewController.swift; sourceTree = "<group>"; };
		7518D4322987EFCC001BCE8E /* Base */ = {isa = PBXFileReference; lastKnownFileType = file.storyboard; name = Base; path = Base.lproj/Main.storyboard; sourceTree = "<group>"; };
		7518D4342987EFCD001BCE8E /* Assets.xcassets */ = {isa = PBXFileReference; lastKnownFileType = folder.assetcatalog; path = Assets.xcassets; sourceTree = "<group>"; };
		7518D4372987EFCD001BCE8E /* Base */ = {isa = PBXFileReference; lastKnownFileType = file.storyboard; name = Base; path = Base.lproj/LaunchScreen.storyboard; sourceTree = "<group>"; };
		7518D4392987EFCD001BCE8E /* Info.plist */ = {isa = PBXFileReference; lastKnownFileType = text.plist.xml; path = Info.plist; sourceTree = "<group>"; };
		7518D44029880E6D001BCE8E /* Quiz.swift */ = {isa = PBXFileReference; lastKnownFileType = sourcecode.swift; path = Quiz.swift; sourceTree = "<group>"; };
		7518D44229880E7D001BCE8E /* Question.swift */ = {isa = PBXFileReference; lastKnownFileType = sourcecode.swift; path = Question.swift; sourceTree = "<group>"; };
/* End PBXFileReference section */

/* Begin PBXFrameworksBuildPhase section */
		7518D4252987EFCC001BCE8E /* Frameworks */ = {
			isa = PBXFrameworksBuildPhase;
			buildActionMask = 2147483647;
			files = (
			);
			runOnlyForDeploymentPostprocessing = 0;
		};
/* End PBXFrameworksBuildPhase section */

/* Begin PBXGroup section */
		7518D41F2987EFCC001BCE8E = {
			isa = PBXGroup;
			children = (
				7518D42A2987EFCC001BCE8E /* MyQuizzler */,
				7518D4292987EFCC001BCE8E /* Products */,
			);
			sourceTree = "<group>";
		};
		7518D4292987EFCC001BCE8E /* Products */ = {
			isa = PBXGroup;
			children = (
				7518D4282987EFCC001BCE8E /* MyQuizzler.app */,
			);
			name = Products;
			sourceTree = "<group>";
		};
		7518D42A2987EFCC001BCE8E /* MyQuizzler */ = {
			isa = PBXGroup;
			children = (
				7518D43F29880E53001BCE8E /* Model */,
				7518D42B2987EFCC001BCE8E /* AppDelegate.swift */,
				7518D42D2987EFCC001BCE8E /* SceneDelegate.swift */,
				7518D444298811ED001BCE8E /* Controller */,
				7518D44529881201001BCE8E /* View */,
				7518D4342987EFCD001BCE8E /* Assets.xcassets */,
				7518D4362987EFCD001BCE8E /* LaunchScreen.storyboard */,
				7518D4392987EFCD001BCE8E /* Info.plist */,
			);
			path = MyQuizzler;
			sourceTree = "<group>";
		};
		7518D43F29880E53001BCE8E /* Model */ = {
			isa = PBXGroup;
			children = (
				7518D44029880E6D001BCE8E /* Quiz.swift */,
				7518D44229880E7D001BCE8E /* Question.swift */,
			);
			path = Model;
			sourceTree = "<group>";
		};
		7518D444298811ED001BCE8E /* Controller */ = {
			isa = PBXGroup;
			children = (
				7518D42F2987EFCC001BCE8E /* ViewController.swift */,
			);
			path = Controller;
			sourceTree = "<group>";
		};
		7518D44529881201001BCE8E /* View */ = {
			isa = PBXGroup;
			children = (
				7518D4312987EFCC001BCE8E /* Main.storyboard */,
			);
			path = View;
			sourceTree = "<group>";
		};
/* End PBXGroup section */

/* Begin PBXNativeTarget section */
		7518D4272987EFCC001BCE8E /* MyQuizzler */ = {
			isa = PBXNativeTarget;
			buildConfigurationList = 7518D43C2987EFCD001BCE8E /* Build configuration list for PBXNativeTarget "MyQuizzler" */;
			buildPhases = (
				7518D4242987EFCC001BCE8E /* Sources */,
				7518D4252987EFCC001BCE8E /* Frameworks */,
				7518D4262987EFCC001BCE8E /* Resources */,
			);
			buildRules = (
			);
			dependencies = (
			);
			name = MyQuizzler;
			productName = MyQuizzler;
			productReference = 7518D4282987EFCC001BCE8E /* MyQuizzler.app */;
			productType = "com.apple.product-type.application";
		};
/* End PBXNativeTarget section */

/* Begin PBXProject section */
		7518D4202987EFCC001BCE8E /* Project object */ = {
			isa = PBXProject;
			attributes = {
				BuildIndependentTargetsInParallel = 1;
				LastSwiftUpdateCheck = 1410;
				LastUpgradeCheck = 1410;
				TargetAttributes = {
					7518D4272987EFCC001BCE8E = {
						CreatedOnToolsVersion = 14.1;
					};
				};
			};
			buildConfigurationList = 7518D4232987EFCC001BCE8E /* Build configuration list for PBXProject "MyQuizzler" */;
			compatibilityVersion = "Xcode 14.0";
			developmentRegion = en;
			hasScannedForEncodings = 0;
			knownRegions = (
				en,
				Base,
			);
			mainGroup = 7518D41F2987EFCC001BCE8E;
			productRefGroup = 7518D4292987EFCC001BCE8E /* Products */;
			projectDirPath = "";
			projectRoot = "";
			targets = (
				7518D4272987EFCC001BCE8E /* MyQuizzler */,
			);
		};
/* End PBXProject section */

/* Begin PBXResourcesBuildPhase section */
		7518D4262987EFCC001BCE8E /* Resources */ = {
			isa = PBXResourcesBuildPhase;
			buildActionMask = 2147483647;
			files = (
				7518D4382987EFCD001BCE8E /* LaunchScreen.storyboard in Resources */,
				7518D4352987EFCD001BCE8E /* Assets.xcassets in Resources */,
				7518D4332987EFCC001BCE8E /* Main.storyboard in Resources */,
			);
			runOnlyForDeploymentPostprocessing = 0;
		};
/* End PBXResourcesBuildPhase section */

/* Begin PBXSourcesBuildPhase section */
		7518D4242987EFCC001BCE8E /* Sources */ = {
			isa = PBXSourcesBuildPhase;
			buildActionMask = 2147483647;
			files = (
				7518D44329880E7D001BCE8E /* Question.swift in Sources */,
				7518D4302987EFCC001BCE8E /* ViewController.swift in Sources */,
				7518D42C2987EFCC001BCE8E /* AppDelegate.swift in Sources */,
				7518D44129880E6D001BCE8E /* Quiz.swift in Sources */,
				7518D42E2987EFCC001BCE8E /* SceneDelegate.swift in Sources */,
			);
			runOnlyForDeploymentPostprocessing = 0;
		};
/* End PBXSourcesBuildPhase section */

/* Begin PBXVariantGroup section */
		7518D4312987EFCC001BCE8E /* Main.storyboard */ = {
			isa = PBXVariantGroup;
			children = (
				7518D4322987EFCC001BCE8E /* Base */,
			);
			name = Main.storyboard;
			sourceTree = "<group>";
		};
		7518D4362987EFCD001BCE8E /* LaunchScreen.storyboard */ = {
			isa = PBXVariantGroup;
			children = (
				7518D4372987EFCD001BCE8E /* Base */,
			);
			name = LaunchScreen.storyboard;
			sourceTree = "<group>";
		};
/* End PBXVariantGroup section */

/* Begin XCBuildConfiguration section */
		7518D43A2987EFCD001BCE8E /* Debug */ = {
			isa = XCBuildConfiguration;
			buildSettings = {
				ALWAYS_SEARCH_USER_PATHS = NO;
				CLANG_ANALYZER_NONNULL = YES;
				CLANG_ANALYZER_NUMBER_OBJECT_CONVERSION = YES_AGGRESSIVE;
				CLANG_CXX_LANGUAGE_STANDARD = "gnu++20";
				CLANG_ENABLE_MODULES = YES;
				CLANG_ENABLE_OBJC_ARC = YES;
				CLANG_ENABLE_OBJC_WEAK = YES;
				CLANG_WARN_BLOCK_CAPTURE_AUTORELEASING = YES;
				CLANG_WARN_BOOL_CONVERSION = YES;
				CLANG_WARN_COMMA = YES;
				CLANG_WARN_CONSTANT_CONVERSION = YES;
				CLANG_WARN_DEPRECATED_OBJC_IMPLEMENTATIONS = YES;
				CLANG_WARN_DIRECT_OBJC_ISA_USAGE = YES_ERROR;
				CLANG_WARN_DOCUMENTATION_COMMENTS = YES;
				CLANG_WARN_EMPTY_BODY = YES;
				CLANG_WARN_ENUM_CONVERSION = YES;
				CLANG_WARN_INFINITE_RECURSION = YES;
				CLANG_WARN_INT_CONVERSION = YES;
				CLANG_WARN_NON_LITERAL_NULL_CONVERSION = YES;
				CLANG_WARN_OBJC_IMPLICIT_RETAIN_SELF = YES;
				CLANG_WARN_OBJC_LITERAL_CONVERSION = YES;
				CLANG_WARN_OBJC_ROOT_CLASS = YES_ERROR;
				CLANG_WARN_QUOTED_INCLUDE_IN_FRAMEWORK_HEADER = YES;
				CLANG_WARN_RANGE_LOOP_ANALYSIS = YES;
				CLANG_WARN_STRICT_PROTOTYPES = YES;
				CLANG_WARN_SUSPICIOUS_MOVE = YES;
				CLANG_WARN_UNGUARDED_AVAILABILITY = YES_AGGRESSIVE;
				CLANG_WARN_UNREACHABLE_CODE = YES;
				CLANG_WARN__DUPLICATE_METHOD_MATCH = YES;
				COPY_PHASE_STRIP = NO;
				DEBUG_INFORMATION_FORMAT = dwarf;
				ENABLE_STRICT_OBJC_MSGSEND = YES;
				ENABLE_TESTABILITY = YES;
				GCC_C_LANGUAGE_STANDARD = gnu11;
				GCC_DYNAMIC_NO_PIC = NO;
				GCC_NO_COMMON_BLOCKS = YES;
				GCC_OPTIMIZATION_LEVEL = 0;
				GCC_PREPROCESSOR_DEFINITIONS = (
					"DEBUG=1",
					"$(inherited)",
				);
				GCC_WARN_64_TO_32_BIT_CONVERSION = YES;
				GCC_WARN_ABOUT_RETURN_TYPE = YES_ERROR;
				GCC_WARN_UNDECLARED_SELECTOR = YES;
				GCC_WARN_UNINITIALIZED_AUTOS = YES_AGGRESSIVE;
				GCC_WARN_UNUSED_FUNCTION = YES;
				GCC_WARN_UNUSED_VARIABLE = YES;
				IPHONEOS_DEPLOYMENT_TARGET = 16.1;
				MTL_ENABLE_DEBUG_INFO = INCLUDE_SOURCE;
				MTL_FAST_MATH = YES;
				ONLY_ACTIVE_ARCH = YES;
				SDKROOT = iphoneos;
				SWIFT_ACTIVE_COMPILATION_CONDITIONS = DEBUG;
				SWIFT_OPTIMIZATION_LEVEL = "-Onone";
			};
			name = Debug;
		};
		7518D43B2987EFCD001BCE8E /* Release */ = {
			isa = XCBuildConfiguration;
			buildSettings = {
				ALWAYS_SEARCH_USER_PATHS = NO;
				CLANG_ANALYZER_NONNULL = YES;
				CLANG_ANALYZER_NUMBER_OBJECT_CONVERSION = YES_AGGRESSIVE;
				CLANG_CXX_LANGUAGE_STANDARD = "gnu++20";
				CLANG_ENABLE_MODULES = YES;
				CLANG_ENABLE_OBJC_ARC = YES;
				CLANG_ENABLE_OBJC_WEAK = YES;
				CLANG_WARN_BLOCK_CAPTURE_AUTORELEASING = YES;
				CLANG_WARN_BOOL_CONVERSION = YES;
				CLANG_WARN_COMMA = YES;
				CLANG_WARN_CONSTANT_CONVERSION = YES;
				CLANG_WARN_DEPRECATED_OBJC_IMPLEMENTATIONS = YES;
				CLANG_WARN_DIRECT_OBJC_ISA_USAGE = YES_ERROR;
				CLANG_WARN_DOCUMENTATION_COMMENTS = YES;
				CLANG_WARN_EMPTY_BODY = YES;
				CLANG_WARN_ENUM_CONVERSION = YES;
				CLANG_WARN_INFINITE_RECURSION = YES;
				CLANG_WARN_INT_CONVERSION = YES;
				CLANG_WARN_NON_LITERAL_NULL_CONVERSION = YES;
				CLANG_WARN_OBJC_IMPLICIT_RETAIN_SELF = YES;
				CLANG_WARN_OBJC_LITERAL_CONVERSION = YES;
				CLANG_WARN_OBJC_ROOT_CLASS = YES_ERROR;
				CLANG_WARN_QUOTED_INCLUDE_IN_FRAMEWORK_HEADER = YES;
				CLANG_WARN_RANGE_LOOP_ANALYSIS = YES;
				CLANG_WARN_STRICT_PROTOTYPES = YES;
				CLANG_WARN_SUSPICIOUS_MOVE = YES;
				CLANG_WARN_UNGUARDED_AVAILABILITY = YES_AGGRESSIVE;
				CLANG_WARN_UNREACHABLE_CODE = YES;
				CLANG_WARN__DUPLICATE_METHOD_MATCH = YES;
				COPY_PHASE_STRIP = NO;
				DEBUG_INFORMATION_FORMAT = "dwarf-with-dsym";
				ENABLE_NS_ASSERTIONS = NO;
				ENABLE_STRICT_OBJC_MSGSEND = YES;
				GCC_C_LANGUAGE_STANDARD = gnu11;
				GCC_NO_COMMON_BLOCKS = YES;
				GCC_WARN_64_TO_32_BIT_CONVERSION = YES;
				GCC_WARN_ABOUT_RETURN_TYPE = YES_ERROR;
				GCC_WARN_UNDECLARED_SELECTOR = YES;
				GCC_WARN_UNINITIALIZED_AUTOS = YES_AGGRESSIVE;
				GCC_WARN_UNUSED_FUNCTION = YES;
				GCC_WARN_UNUSED_VARIABLE = YES;
				IPHONEOS_DEPLOYMENT_TARGET = 16.1;
				MTL_ENABLE_DEBUG_INFO = NO;
				MTL_FAST_MATH = YES;
				SDKROOT = iphoneos;
				SWIFT_COMPILATION_MODE = wholemodule;
				SWIFT_OPTIMIZATION_LEVEL = "-O";
				VALIDATE_PRODUCT = YES;
			};
			name = Release;
		};
		7518D43D2987EFCD001BCE8E /* Debug */ = {
			isa = XCBuildConfiguration;
			buildSettings = {
				ASSETCATALOG_COMPILER_APPICON_NAME = AppIcon;
				ASSETCATALOG_COMPILER_GLOBAL_ACCENT_COLOR_NAME = AccentColor;
				CODE_SIGN_STYLE = Automatic;
				CURRENT_PROJECT_VERSION = 1;
				GENERATE_INFOPLIST_FILE = YES;
				INFOPLIST_FILE = MyQuizzler/Info.plist;
				INFOPLIST_KEY_UIApplicationSupportsIndirectInputEvents = YES;
				INFOPLIST_KEY_UILaunchStoryboardName = LaunchScreen;
				INFOPLIST_KEY_UIMainStoryboardFile = Main;
				INFOPLIST_KEY_UISupportedInterfaceOrientations_iPad = "UIInterfaceOrientationPortrait UIInterfaceOrientationPortraitUpsideDown UIInterfaceOrientationLandscapeLeft UIInterfaceOrientationLandscapeRight";
				INFOPLIST_KEY_UISupportedInterfaceOrientations_iPhone = "UIInterfaceOrientationPortrait UIInterfaceOrientationLandscapeLeft UIInterfaceOrientationLandscapeRight";
				LD_RUNPATH_SEARCH_PATHS = (
					"$(inherited)",
					"@executable_path/Frameworks",
				);
				MARKETING_VERSION = 1.0;
				PRODUCT_BUNDLE_IDENTIFIER = com.tacarlen.MyQuizzler;
				PRODUCT_NAME = "$(TARGET_NAME)";
				SWIFT_EMIT_LOC_STRINGS = YES;
				SWIFT_VERSION = 5.0;
				TARGETED_DEVICE_FAMILY = "1,2";
			};
			name = Debug;
		};
		7518D43E2987EFCD001BCE8E /* Release */ = {
			isa = XCBuildConfiguration;
			buildSettings = {
				ASSETCATALOG_COMPILER_APPICON_NAME = AppIcon;
				ASSETCATALOG_COMPILER_GLOBAL_ACCENT_COLOR_NAME = AccentColor;
				CODE_SIGN_STYLE = Automatic;
				CURRENT_PROJECT_VERSION = 1;
				GENERATE_INFOPLIST_FILE = YES;
				INFOPLIST_FILE = MyQuizzler/Info.plist;
				INFOPLIST_KEY_UIApplicationSupportsIndirectInputEvents = YES;
				INFOPLIST_KEY_UILaunchStoryboardName = LaunchScreen;
				INFOPLIST_KEY_UIMainStoryboardFile = Main;
				INFOPLIST_KEY_UISupportedInterfaceOrientations_iPad = "UIInterfaceOrientationPortrait UIInterfaceOrientationPortraitUpsideDown UIInterfaceOrientationLandscapeLeft UIInterfaceOrientationLandscapeRight";
				INFOPLIST_KEY_UISupportedInterfaceOrientations_iPhone = "UIInterfaceOrientationPortrait UIInterfaceOrientationLandscapeLeft UIInterfaceOrientationLandscapeRight";
				LD_RUNPATH_SEARCH_PATHS = (
					"$(inherited)",
					"@executable_path/Frameworks",
				);
				MARKETING_VERSION = 1.0;
				PRODUCT_BUNDLE_IDENTIFIER = com.tacarlen.MyQuizzler;
				PRODUCT_NAME = "$(TARGET_NAME)";
				SWIFT_EMIT_LOC_STRINGS = YES;
				SWIFT_VERSION = 5.0;
				TARGETED_DEVICE_FAMILY = "1,2";
			};
			name = Release;
		};
/* End XCBuildConfiguration section */

/* Begin XCConfigurationList section */
		7518D4232987EFCC001BCE8E /* Build configuration list for PBXProject "MyQuizzler" */ = {
			isa = XCConfigurationList;
			buildConfigurations = (
				7518D43A2987EFCD001BCE8E /* Debug */,
				7518D43B2987EFCD001BCE8E /* Release */,
			);
			defaultConfigurationIsVisible = 0;
			defaultConfigurationName = Release;
		};
		7518D43C2987EFCD001BCE8E /* Build configuration list for PBXNativeTarget "MyQuizzler" */ = {
			isa = XCConfigurationList;
			buildConfigurations = (
				7518D43D2987EFCD001BCE8E /* Debug */,
				7518D43E2987EFCD001BCE8E /* Release */,
			);
			defaultConfigurationIsVisible = 0;
			defaultConfigurationName = Release;
		};
/* End XCConfigurationList section */
	};
	rootObject = 7518D4202987EFCC001BCE8E /* Project object */;
}
